
Microsoft Visual Studio Solution File, Format Version 12.00
# Visual Studio Version 17
VisualStudioVersion = 17.0.32002.185
MinimumVisualStudioVersion = 10.0.40219.1
Project("{2150E333-8FDC-42A3-9474-1A3956D46DE8}") = "Domain", "Domain", "{D9F7FD19-6468-4A04-B372-BC84867ECE58}"
EndProject
Project("{2150E333-8FDC-42A3-9474-1A3956D46DE8}") = "External", "External", "{352294D1-1048-48C8-9A02-236A597A602B}"
EndProject
Project("{2150E333-8FDC-42A3-9474-1A3956D46DE8}") = "Infrastructure", "Infrastructure", "{A5E4C7C9-8238-45E3-ADDE-5C8BCFF6C764}"
EndProject
Project("{2150E333-8FDC-42A3-9474-1A3956D46DE8}") = "Services", "Services", "{1A636723-5713-4AA2-AAEC-DB0A2DA7787F}"
EndProject
Project("{2150E333-8FDC-42A3-9474-1A3956D46DE8}") = "Web", "Web", "{AB10B0D1-6D77-41CA-8BCD-E86192BC5D01}"
EndProject
Project("{9A19103F-16F7-4668-BE54-9A1E7A4F7556}") = "DealEngine.Domain.Exceptions", "DealEngine.Domain.Exceptions\DealEngine.Domain.Exceptions.csproj", "{07AEE3B3-E6A1-4A80-8EC8-3E9E8E1C6B2C}"
EndProject
Project("{9A19103F-16F7-4668-BE54-9A1E7A4F7556}") = "Bismuth.Ldap", "Bismuth.Ldap\Bismuth.Ldap.csproj", "{9001B632-59A9-43CC-A841-F6B6159B24DC}"
EndProject
Project("{9A19103F-16F7-4668-BE54-9A1E7A4F7556}") = "Novell.Directory.Ldap.NETStandard", "Novell.Directory.Ldap.NETStandard\Novell.Directory.Ldap.NETStandard.csproj", "{7CCA5676-2CB8-49A1-B91A-CE9CA4EFBD8A}"
EndProject
Project("{9A19103F-16F7-4668-BE54-9A1E7A4F7556}") = "DealEngine.Infrastructure.AppInitialize", "DealEngine.Infrastructure.AppInitialize\DealEngine.Infrastructure.AppInitialize.csproj", "{8E5E3FDB-B069-4FFF-883F-30F409F6794E}"
EndProject
Project("{9A19103F-16F7-4668-BE54-9A1E7A4F7556}") = "DealEngine.Infrastructure.Ldap", "DealEngine.Infrastructure.Ldap\DealEngine.Infrastructure.Ldap.csproj", "{0C3385FA-76BB-4033-A58D-D18DFE82DC2D}"
EndProject
Project("{9A19103F-16F7-4668-BE54-9A1E7A4F7556}") = "DealEngine.Infrastructure.BaseLdap", "DealEngine.Infrastructure.BaseLdap\DealEngine.Infrastructure.BaseLdap.csproj", "{47140106-149E-4643-A824-82AB57392463}"
EndProject
Project("{9A19103F-16F7-4668-BE54-9A1E7A4F7556}") = "DealEngine.Infrastructure.FluentNHibernate", "DealEngine.Infrastructure.FluentNHibernate\DealEngine.Infrastructure.FluentNHibernate.csproj", "{6CDE9880-5AB1-4268-B5E5-6CE9172F5A48}"
EndProject
Project("{9A19103F-16F7-4668-BE54-9A1E7A4F7556}") = "DealEngine.Infrastructure.Email", "DealEngine.Infrastructure.Email\DealEngine.Infrastructure.Email.csproj", "{01B518F9-E9A1-4FE2-9337-A6667B5E5CCC}"
EndProject
Project("{9A19103F-16F7-4668-BE54-9A1E7A4F7556}") = "DealEngine.Infrastructure.Logging", "DealEngine.Infrastructure.Logging\DealEngine.Infrastructure.Logging.csproj", "{D6AC14A1-F744-4384-86FA-5F05C569E573}"
EndProject
Project("{9A19103F-16F7-4668-BE54-9A1E7A4F7556}") = "DealEngine.Infrastructure.Payment", "DealEngine.Infrastructure.Payment\DealEngine.Infrastructure.Payment.csproj", "{00448825-FC66-49E7-9DF9-7421751BC8BF}"
EndProject
Project("{9A19103F-16F7-4668-BE54-9A1E7A4F7556}") = "DealEngine.Services.Impl", "DealEngine.Services.Impl\DealEngine.Services.Impl.csproj", "{45C6A0C9-18E6-41A4-B246-51EA80820945}"
EndProject
Project("{9A19103F-16F7-4668-BE54-9A1E7A4F7556}") = "DealEngine.Services.Interfaces", "DealEngine.Services.Interfaces\DealEngine.Services.Interfaces.csproj", "{B6B8A69E-3AA0-4D75-81BD-77AA1157D31A}"
EndProject
Project("{9A19103F-16F7-4668-BE54-9A1E7A4F7556}") = "DealEngine.Domain.Entities", "DealEngine.Domain.Entities\DealEngine.Domain.Entities.csproj", "{F94C40D8-1833-4AFE-932D-E318949B4F65}"
EndProject
Project("{9A19103F-16F7-4668-BE54-9A1E7A4F7556}") = "DealEngine.WebUI", "DealEngine.WebUI\DealEngine.WebUI.csproj", "{D77B0A76-496E-4526-8320-6176AEB848ED}"
EndProject
Project("{9A19103F-16F7-4668-BE54-9A1E7A4F7556}") = "DealEngine.Infrastructure.AuthorizationRSA", "DealEngine.Infrastructure.AuthorizationRSA\DealEngine.Infrastructure.AuthorizationRSA.csproj", "{5819AE8F-42D1-47E8-9BE9-0291DBD5A7A1}"
EndProject
Project("{9A19103F-16F7-4668-BE54-9A1E7A4F7556}") = "DealEngine.Domain.Services", "DealEngine.Domain.Services\DealEngine.Domain.Services.csproj", "{BE067612-7348-4165-AE35-7305031C64A1}"
EndProject
Project("{9A19103F-16F7-4668-BE54-9A1E7A4F7556}") = "DealEngine.Infrastructure.PolicyCenter", "DealEngine.Infrastructure.PolicyCenter\DealEngine.Infrastructure.PolicyCenter.csproj", "{1F9A23BC-84AA-4A7A-8631-5FBE14253C86}"
EndProject
Global
	GlobalSection(SolutionConfigurationPlatforms) = preSolution
		Debug|Any CPU = Debug|Any CPU
		Debug|x86 = Debug|x86
		Demo|Any CPU = Demo|Any CPU
		Demo|x86 = Demo|x86
		Release|Any CPU = Release|Any CPU
		Release|x86 = Release|x86
	EndGlobalSection
	GlobalSection(ProjectConfigurationPlatforms) = postSolution
		{07AEE3B3-E6A1-4A80-8EC8-3E9E8E1C6B2C}.Debug|Any CPU.ActiveCfg = Debug|Any CPU
		{07AEE3B3-E6A1-4A80-8EC8-3E9E8E1C6B2C}.Debug|Any CPU.Build.0 = Debug|Any CPU
		{07AEE3B3-E6A1-4A80-8EC8-3E9E8E1C6B2C}.Debug|x86.ActiveCfg = Debug|Any CPU
		{07AEE3B3-E6A1-4A80-8EC8-3E9E8E1C6B2C}.Debug|x86.Build.0 = Debug|Any CPU
		{07AEE3B3-E6A1-4A80-8EC8-3E9E8E1C6B2C}.Demo|Any CPU.ActiveCfg = Debug|Any CPU
		{07AEE3B3-E6A1-4A80-8EC8-3E9E8E1C6B2C}.Demo|Any CPU.Build.0 = Debug|Any CPU
		{07AEE3B3-E6A1-4A80-8EC8-3E9E8E1C6B2C}.Demo|x86.ActiveCfg = Debug|Any CPU
		{07AEE3B3-E6A1-4A80-8EC8-3E9E8E1C6B2C}.Demo|x86.Build.0 = Debug|Any CPU
		{07AEE3B3-E6A1-4A80-8EC8-3E9E8E1C6B2C}.Release|Any CPU.ActiveCfg = Release|Any CPU
		{07AEE3B3-E6A1-4A80-8EC8-3E9E8E1C6B2C}.Release|Any CPU.Build.0 = Release|Any CPU
		{07AEE3B3-E6A1-4A80-8EC8-3E9E8E1C6B2C}.Release|x86.ActiveCfg = Release|Any CPU
		{07AEE3B3-E6A1-4A80-8EC8-3E9E8E1C6B2C}.Release|x86.Build.0 = Release|Any CPU
		{9001B632-59A9-43CC-A841-F6B6159B24DC}.Debug|Any CPU.ActiveCfg = Debug|Any CPU
		{9001B632-59A9-43CC-A841-F6B6159B24DC}.Debug|Any CPU.Build.0 = Debug|Any CPU
		{9001B632-59A9-43CC-A841-F6B6159B24DC}.Debug|x86.ActiveCfg = Debug|Any CPU
		{9001B632-59A9-43CC-A841-F6B6159B24DC}.Debug|x86.Build.0 = Debug|Any CPU
		{9001B632-59A9-43CC-A841-F6B6159B24DC}.Demo|Any CPU.ActiveCfg = Debug|Any CPU
		{9001B632-59A9-43CC-A841-F6B6159B24DC}.Demo|Any CPU.Build.0 = Debug|Any CPU
		{9001B632-59A9-43CC-A841-F6B6159B24DC}.Demo|x86.ActiveCfg = Debug|Any CPU
		{9001B632-59A9-43CC-A841-F6B6159B24DC}.Demo|x86.Build.0 = Debug|Any CPU
		{9001B632-59A9-43CC-A841-F6B6159B24DC}.Release|Any CPU.ActiveCfg = Release|Any CPU
		{9001B632-59A9-43CC-A841-F6B6159B24DC}.Release|Any CPU.Build.0 = Release|Any CPU
		{9001B632-59A9-43CC-A841-F6B6159B24DC}.Release|x86.ActiveCfg = Release|Any CPU
		{9001B632-59A9-43CC-A841-F6B6159B24DC}.Release|x86.Build.0 = Release|Any CPU
		{7CCA5676-2CB8-49A1-B91A-CE9CA4EFBD8A}.Debug|Any CPU.ActiveCfg = Debug|Any CPU
		{7CCA5676-2CB8-49A1-B91A-CE9CA4EFBD8A}.Debug|Any CPU.Build.0 = Debug|Any CPU
		{7CCA5676-2CB8-49A1-B91A-CE9CA4EFBD8A}.Debug|x86.ActiveCfg = Debug|Any CPU
		{7CCA5676-2CB8-49A1-B91A-CE9CA4EFBD8A}.Debug|x86.Build.0 = Debug|Any CPU
		{7CCA5676-2CB8-49A1-B91A-CE9CA4EFBD8A}.Demo|Any CPU.ActiveCfg = Debug|Any CPU
		{7CCA5676-2CB8-49A1-B91A-CE9CA4EFBD8A}.Demo|Any CPU.Build.0 = Debug|Any CPU
		{7CCA5676-2CB8-49A1-B91A-CE9CA4EFBD8A}.Demo|x86.ActiveCfg = Debug|Any CPU
		{7CCA5676-2CB8-49A1-B91A-CE9CA4EFBD8A}.Demo|x86.Build.0 = Debug|Any CPU
		{7CCA5676-2CB8-49A1-B91A-CE9CA4EFBD8A}.Release|Any CPU.ActiveCfg = Release|Any CPU
		{7CCA5676-2CB8-49A1-B91A-CE9CA4EFBD8A}.Release|Any CPU.Build.0 = Release|Any CPU
		{7CCA5676-2CB8-49A1-B91A-CE9CA4EFBD8A}.Release|x86.ActiveCfg = Release|Any CPU
		{7CCA5676-2CB8-49A1-B91A-CE9CA4EFBD8A}.Release|x86.Build.0 = Release|Any CPU
		{8E5E3FDB-B069-4FFF-883F-30F409F6794E}.Debug|Any CPU.ActiveCfg = Debug|Any CPU
		{8E5E3FDB-B069-4FFF-883F-30F409F6794E}.Debug|Any CPU.Build.0 = Debug|Any CPU
		{8E5E3FDB-B069-4FFF-883F-30F409F6794E}.Debug|x86.ActiveCfg = Debug|Any CPU
		{8E5E3FDB-B069-4FFF-883F-30F409F6794E}.Debug|x86.Build.0 = Debug|Any CPU
		{8E5E3FDB-B069-4FFF-883F-30F409F6794E}.Demo|Any CPU.ActiveCfg = Debug|Any CPU
		{8E5E3FDB-B069-4FFF-883F-30F409F6794E}.Demo|Any CPU.Build.0 = Debug|Any CPU
		{8E5E3FDB-B069-4FFF-883F-30F409F6794E}.Demo|x86.ActiveCfg = Debug|Any CPU
		{8E5E3FDB-B069-4FFF-883F-30F409F6794E}.Demo|x86.Build.0 = Debug|Any CPU
		{8E5E3FDB-B069-4FFF-883F-30F409F6794E}.Release|Any CPU.ActiveCfg = Release|Any CPU
		{8E5E3FDB-B069-4FFF-883F-30F409F6794E}.Release|Any CPU.Build.0 = Release|Any CPU
		{8E5E3FDB-B069-4FFF-883F-30F409F6794E}.Release|x86.ActiveCfg = Release|Any CPU
		{8E5E3FDB-B069-4FFF-883F-30F409F6794E}.Release|x86.Build.0 = Release|Any CPU
		{0C3385FA-76BB-4033-A58D-D18DFE82DC2D}.Debug|Any CPU.ActiveCfg = Debug|Any CPU
		{0C3385FA-76BB-4033-A58D-D18DFE82DC2D}.Debug|Any CPU.Build.0 = Debug|Any CPU
		{0C3385FA-76BB-4033-A58D-D18DFE82DC2D}.Debug|x86.ActiveCfg = Debug|Any CPU
		{0C3385FA-76BB-4033-A58D-D18DFE82DC2D}.Debug|x86.Build.0 = Debug|Any CPU
		{0C3385FA-76BB-4033-A58D-D18DFE82DC2D}.Demo|Any CPU.ActiveCfg = Debug|Any CPU
		{0C3385FA-76BB-4033-A58D-D18DFE82DC2D}.Demo|Any CPU.Build.0 = Debug|Any CPU
		{0C3385FA-76BB-4033-A58D-D18DFE82DC2D}.Demo|x86.ActiveCfg = Debug|Any CPU
		{0C3385FA-76BB-4033-A58D-D18DFE82DC2D}.Demo|x86.Build.0 = Debug|Any CPU
		{0C3385FA-76BB-4033-A58D-D18DFE82DC2D}.Release|Any CPU.ActiveCfg = Release|Any CPU
		{0C3385FA-76BB-4033-A58D-D18DFE82DC2D}.Release|Any CPU.Build.0 = Release|Any CPU
		{0C3385FA-76BB-4033-A58D-D18DFE82DC2D}.Release|x86.ActiveCfg = Release|Any CPU
		{0C3385FA-76BB-4033-A58D-D18DFE82DC2D}.Release|x86.Build.0 = Release|Any CPU
		{47140106-149E-4643-A824-82AB57392463}.Debug|Any CPU.ActiveCfg = Debug|Any CPU
		{47140106-149E-4643-A824-82AB57392463}.Debug|Any CPU.Build.0 = Debug|Any CPU
		{47140106-149E-4643-A824-82AB57392463}.Debug|x86.ActiveCfg = Debug|Any CPU
		{47140106-149E-4643-A824-82AB57392463}.Debug|x86.Build.0 = Debug|Any CPU
		{47140106-149E-4643-A824-82AB57392463}.Demo|Any CPU.ActiveCfg = Debug|Any CPU
		{47140106-149E-4643-A824-82AB57392463}.Demo|Any CPU.Build.0 = Debug|Any CPU
		{47140106-149E-4643-A824-82AB57392463}.Demo|x86.ActiveCfg = Debug|Any CPU
		{47140106-149E-4643-A824-82AB57392463}.Demo|x86.Build.0 = Debug|Any CPU
		{47140106-149E-4643-A824-82AB57392463}.Release|Any CPU.ActiveCfg = Release|Any CPU
		{47140106-149E-4643-A824-82AB57392463}.Release|Any CPU.Build.0 = Release|Any CPU
		{47140106-149E-4643-A824-82AB57392463}.Release|x86.ActiveCfg = Release|Any CPU
		{47140106-149E-4643-A824-82AB57392463}.Release|x86.Build.0 = Release|Any CPU
		{6CDE9880-5AB1-4268-B5E5-6CE9172F5A48}.Debug|Any CPU.ActiveCfg = Debug|Any CPU
		{6CDE9880-5AB1-4268-B5E5-6CE9172F5A48}.Debug|Any CPU.Build.0 = Debug|Any CPU
		{6CDE9880-5AB1-4268-B5E5-6CE9172F5A48}.Debug|x86.ActiveCfg = Debug|Any CPU
		{6CDE9880-5AB1-4268-B5E5-6CE9172F5A48}.Debug|x86.Build.0 = Debug|Any CPU
		{6CDE9880-5AB1-4268-B5E5-6CE9172F5A48}.Demo|Any CPU.ActiveCfg = Debug|Any CPU
		{6CDE9880-5AB1-4268-B5E5-6CE9172F5A48}.Demo|Any CPU.Build.0 = Debug|Any CPU
		{6CDE9880-5AB1-4268-B5E5-6CE9172F5A48}.Demo|x86.ActiveCfg = Debug|Any CPU
		{6CDE9880-5AB1-4268-B5E5-6CE9172F5A48}.Demo|x86.Build.0 = Debug|Any CPU
		{6CDE9880-5AB1-4268-B5E5-6CE9172F5A48}.Release|Any CPU.ActiveCfg = Release|Any CPU
		{6CDE9880-5AB1-4268-B5E5-6CE9172F5A48}.Release|Any CPU.Build.0 = Release|Any CPU
		{6CDE9880-5AB1-4268-B5E5-6CE9172F5A48}.Release|x86.ActiveCfg = Release|Any CPU
		{6CDE9880-5AB1-4268-B5E5-6CE9172F5A48}.Release|x86.Build.0 = Release|Any CPU
		{01B518F9-E9A1-4FE2-9337-A6667B5E5CCC}.Debug|Any CPU.ActiveCfg = Debug|Any CPU
		{01B518F9-E9A1-4FE2-9337-A6667B5E5CCC}.Debug|Any CPU.Build.0 = Debug|Any CPU
		{01B518F9-E9A1-4FE2-9337-A6667B5E5CCC}.Debug|x86.ActiveCfg = Debug|Any CPU
		{01B518F9-E9A1-4FE2-9337-A6667B5E5CCC}.Debug|x86.Build.0 = Debug|Any CPU
		{01B518F9-E9A1-4FE2-9337-A6667B5E5CCC}.Demo|Any CPU.ActiveCfg = Debug|Any CPU
		{01B518F9-E9A1-4FE2-9337-A6667B5E5CCC}.Demo|Any CPU.Build.0 = Debug|Any CPU
		{01B518F9-E9A1-4FE2-9337-A6667B5E5CCC}.Demo|x86.ActiveCfg = Debug|Any CPU
		{01B518F9-E9A1-4FE2-9337-A6667B5E5CCC}.Demo|x86.Build.0 = Debug|Any CPU
		{01B518F9-E9A1-4FE2-9337-A6667B5E5CCC}.Release|Any CPU.ActiveCfg = Release|Any CPU
		{01B518F9-E9A1-4FE2-9337-A6667B5E5CCC}.Release|Any CPU.Build.0 = Release|Any CPU
		{01B518F9-E9A1-4FE2-9337-A6667B5E5CCC}.Release|x86.ActiveCfg = Release|Any CPU
		{01B518F9-E9A1-4FE2-9337-A6667B5E5CCC}.Release|x86.Build.0 = Release|Any CPU
		{D6AC14A1-F744-4384-86FA-5F05C569E573}.Debug|Any CPU.ActiveCfg = Debug|Any CPU
		{D6AC14A1-F744-4384-86FA-5F05C569E573}.Debug|Any CPU.Build.0 = Debug|Any CPU
		{D6AC14A1-F744-4384-86FA-5F05C569E573}.Debug|x86.ActiveCfg = Debug|Any CPU
		{D6AC14A1-F744-4384-86FA-5F05C569E573}.Debug|x86.Build.0 = Debug|Any CPU
		{D6AC14A1-F744-4384-86FA-5F05C569E573}.Demo|Any CPU.ActiveCfg = Debug|Any CPU
		{D6AC14A1-F744-4384-86FA-5F05C569E573}.Demo|Any CPU.Build.0 = Debug|Any CPU
		{D6AC14A1-F744-4384-86FA-5F05C569E573}.Demo|x86.ActiveCfg = Debug|Any CPU
		{D6AC14A1-F744-4384-86FA-5F05C569E573}.Demo|x86.Build.0 = Debug|Any CPU
		{D6AC14A1-F744-4384-86FA-5F05C569E573}.Release|Any CPU.ActiveCfg = Release|Any CPU
		{D6AC14A1-F744-4384-86FA-5F05C569E573}.Release|Any CPU.Build.0 = Release|Any CPU
		{D6AC14A1-F744-4384-86FA-5F05C569E573}.Release|x86.ActiveCfg = Release|Any CPU
		{D6AC14A1-F744-4384-86FA-5F05C569E573}.Release|x86.Build.0 = Release|Any CPU
		{00448825-FC66-49E7-9DF9-7421751BC8BF}.Debug|Any CPU.ActiveCfg = Debug|Any CPU
		{00448825-FC66-49E7-9DF9-7421751BC8BF}.Debug|Any CPU.Build.0 = Debug|Any CPU
		{00448825-FC66-49E7-9DF9-7421751BC8BF}.Debug|x86.ActiveCfg = Debug|Any CPU
		{00448825-FC66-49E7-9DF9-7421751BC8BF}.Debug|x86.Build.0 = Debug|Any CPU
		{00448825-FC66-49E7-9DF9-7421751BC8BF}.Demo|Any CPU.ActiveCfg = Debug|Any CPU
		{00448825-FC66-49E7-9DF9-7421751BC8BF}.Demo|Any CPU.Build.0 = Debug|Any CPU
		{00448825-FC66-49E7-9DF9-7421751BC8BF}.Demo|x86.ActiveCfg = Debug|Any CPU
		{00448825-FC66-49E7-9DF9-7421751BC8BF}.Demo|x86.Build.0 = Debug|Any CPU
		{00448825-FC66-49E7-9DF9-7421751BC8BF}.Release|Any CPU.ActiveCfg = Release|Any CPU
		{00448825-FC66-49E7-9DF9-7421751BC8BF}.Release|Any CPU.Build.0 = Release|Any CPU
		{00448825-FC66-49E7-9DF9-7421751BC8BF}.Release|x86.ActiveCfg = Release|Any CPU
		{00448825-FC66-49E7-9DF9-7421751BC8BF}.Release|x86.Build.0 = Release|Any CPU
		{45C6A0C9-18E6-41A4-B246-51EA80820945}.Debug|Any CPU.ActiveCfg = Debug|Any CPU
		{45C6A0C9-18E6-41A4-B246-51EA80820945}.Debug|Any CPU.Build.0 = Debug|Any CPU
		{45C6A0C9-18E6-41A4-B246-51EA80820945}.Debug|x86.ActiveCfg = Debug|Any CPU
		{45C6A0C9-18E6-41A4-B246-51EA80820945}.Debug|x86.Build.0 = Debug|Any CPU
		{45C6A0C9-18E6-41A4-B246-51EA80820945}.Demo|Any CPU.ActiveCfg = Debug|Any CPU
		{45C6A0C9-18E6-41A4-B246-51EA80820945}.Demo|Any CPU.Build.0 = Debug|Any CPU
		{45C6A0C9-18E6-41A4-B246-51EA80820945}.Demo|x86.ActiveCfg = Debug|Any CPU
		{45C6A0C9-18E6-41A4-B246-51EA80820945}.Demo|x86.Build.0 = Debug|Any CPU
		{45C6A0C9-18E6-41A4-B246-51EA80820945}.Release|Any CPU.ActiveCfg = Release|Any CPU
		{45C6A0C9-18E6-41A4-B246-51EA80820945}.Release|Any CPU.Build.0 = Release|Any CPU
		{45C6A0C9-18E6-41A4-B246-51EA80820945}.Release|x86.ActiveCfg = Release|Any CPU
		{45C6A0C9-18E6-41A4-B246-51EA80820945}.Release|x86.Build.0 = Release|Any CPU
		{B6B8A69E-3AA0-4D75-81BD-77AA1157D31A}.Debug|Any CPU.ActiveCfg = Debug|Any CPU
		{B6B8A69E-3AA0-4D75-81BD-77AA1157D31A}.Debug|Any CPU.Build.0 = Debug|Any CPU
		{B6B8A69E-3AA0-4D75-81BD-77AA1157D31A}.Debug|x86.ActiveCfg = Debug|Any CPU
		{B6B8A69E-3AA0-4D75-81BD-77AA1157D31A}.Debug|x86.Build.0 = Debug|Any CPU
		{B6B8A69E-3AA0-4D75-81BD-77AA1157D31A}.Demo|Any CPU.ActiveCfg = Debug|Any CPU
		{B6B8A69E-3AA0-4D75-81BD-77AA1157D31A}.Demo|Any CPU.Build.0 = Debug|Any CPU
		{B6B8A69E-3AA0-4D75-81BD-77AA1157D31A}.Demo|x86.ActiveCfg = Debug|Any CPU
		{B6B8A69E-3AA0-4D75-81BD-77AA1157D31A}.Demo|x86.Build.0 = Debug|Any CPU
		{B6B8A69E-3AA0-4D75-81BD-77AA1157D31A}.Release|Any CPU.ActiveCfg = Release|Any CPU
		{B6B8A69E-3AA0-4D75-81BD-77AA1157D31A}.Release|Any CPU.Build.0 = Release|Any CPU
		{B6B8A69E-3AA0-4D75-81BD-77AA1157D31A}.Release|x86.ActiveCfg = Release|Any CPU
		{B6B8A69E-3AA0-4D75-81BD-77AA1157D31A}.Release|x86.Build.0 = Release|Any CPU
		{F94C40D8-1833-4AFE-932D-E318949B4F65}.Debug|Any CPU.ActiveCfg = Debug|Any CPU
		{F94C40D8-1833-4AFE-932D-E318949B4F65}.Debug|Any CPU.Build.0 = Debug|Any CPU
		{F94C40D8-1833-4AFE-932D-E318949B4F65}.Debug|x86.ActiveCfg = Debug|Any CPU
		{F94C40D8-1833-4AFE-932D-E318949B4F65}.Debug|x86.Build.0 = Debug|Any CPU
		{F94C40D8-1833-4AFE-932D-E318949B4F65}.Demo|Any CPU.ActiveCfg = Debug|Any CPU
		{F94C40D8-1833-4AFE-932D-E318949B4F65}.Demo|Any CPU.Build.0 = Debug|Any CPU
		{F94C40D8-1833-4AFE-932D-E318949B4F65}.Demo|x86.ActiveCfg = Debug|Any CPU
		{F94C40D8-1833-4AFE-932D-E318949B4F65}.Demo|x86.Build.0 = Debug|Any CPU
		{F94C40D8-1833-4AFE-932D-E318949B4F65}.Release|Any CPU.ActiveCfg = Release|Any CPU
		{F94C40D8-1833-4AFE-932D-E318949B4F65}.Release|Any CPU.Build.0 = Release|Any CPU
		{F94C40D8-1833-4AFE-932D-E318949B4F65}.Release|x86.ActiveCfg = Release|Any CPU
		{F94C40D8-1833-4AFE-932D-E318949B4F65}.Release|x86.Build.0 = Release|Any CPU
		{D77B0A76-496E-4526-8320-6176AEB848ED}.Debug|Any CPU.ActiveCfg = Debug|Any CPU
		{D77B0A76-496E-4526-8320-6176AEB848ED}.Debug|Any CPU.Build.0 = Debug|Any CPU
		{D77B0A76-496E-4526-8320-6176AEB848ED}.Debug|x86.ActiveCfg = Debug|Any CPU
		{D77B0A76-496E-4526-8320-6176AEB848ED}.Debug|x86.Build.0 = Debug|Any CPU
		{D77B0A76-496E-4526-8320-6176AEB848ED}.Demo|Any CPU.ActiveCfg = Debug|Any CPU
		{D77B0A76-496E-4526-8320-6176AEB848ED}.Demo|Any CPU.Build.0 = Debug|Any CPU
		{D77B0A76-496E-4526-8320-6176AEB848ED}.Demo|x86.ActiveCfg = Debug|Any CPU
		{D77B0A76-496E-4526-8320-6176AEB848ED}.Demo|x86.Build.0 = Debug|Any CPU
		{D77B0A76-496E-4526-8320-6176AEB848ED}.Release|Any CPU.ActiveCfg = Release|Any CPU
		{D77B0A76-496E-4526-8320-6176AEB848ED}.Release|Any CPU.Build.0 = Release|Any CPU
		{D77B0A76-496E-4526-8320-6176AEB848ED}.Release|x86.ActiveCfg = Release|Any CPU
		{D77B0A76-496E-4526-8320-6176AEB848ED}.Release|x86.Build.0 = Release|Any CPU
		{5819AE8F-42D1-47E8-9BE9-0291DBD5A7A1}.Debug|Any CPU.ActiveCfg = Debug|Any CPU
		{5819AE8F-42D1-47E8-9BE9-0291DBD5A7A1}.Debug|Any CPU.Build.0 = Debug|Any CPU
		{5819AE8F-42D1-47E8-9BE9-0291DBD5A7A1}.Debug|x86.ActiveCfg = Debug|Any CPU
		{5819AE8F-42D1-47E8-9BE9-0291DBD5A7A1}.Debug|x86.Build.0 = Debug|Any CPU
		{5819AE8F-42D1-47E8-9BE9-0291DBD5A7A1}.Demo|Any CPU.ActiveCfg = Debug|Any CPU
		{5819AE8F-42D1-47E8-9BE9-0291DBD5A7A1}.Demo|Any CPU.Build.0 = Debug|Any CPU
		{5819AE8F-42D1-47E8-9BE9-0291DBD5A7A1}.Demo|x86.ActiveCfg = Debug|Any CPU
		{5819AE8F-42D1-47E8-9BE9-0291DBD5A7A1}.Demo|x86.Build.0 = Debug|Any CPU
		{5819AE8F-42D1-47E8-9BE9-0291DBD5A7A1}.Release|Any CPU.ActiveCfg = Release|Any CPU
		{5819AE8F-42D1-47E8-9BE9-0291DBD5A7A1}.Release|Any CPU.Build.0 = Release|Any CPU
		{5819AE8F-42D1-47E8-9BE9-0291DBD5A7A1}.Release|x86.ActiveCfg = Release|Any CPU
		{5819AE8F-42D1-47E8-9BE9-0291DBD5A7A1}.Release|x86.Build.0 = Release|Any CPU
		{BE067612-7348-4165-AE35-7305031C64A1}.Debug|Any CPU.ActiveCfg = Debug|Any CPU
		{BE067612-7348-4165-AE35-7305031C64A1}.Debug|Any CPU.Build.0 = Debug|Any CPU
		{BE067612-7348-4165-AE35-7305031C64A1}.Debug|x86.ActiveCfg = Debug|Any CPU
		{BE067612-7348-4165-AE35-7305031C64A1}.Debug|x86.Build.0 = Debug|Any CPU
		{BE067612-7348-4165-AE35-7305031C64A1}.Demo|Any CPU.ActiveCfg = Debug|Any CPU
		{BE067612-7348-4165-AE35-7305031C64A1}.Demo|Any CPU.Build.0 = Debug|Any CPU
		{BE067612-7348-4165-AE35-7305031C64A1}.Demo|x86.ActiveCfg = Debug|Any CPU
		{BE067612-7348-4165-AE35-7305031C64A1}.Demo|x86.Build.0 = Debug|Any CPU
		{BE067612-7348-4165-AE35-7305031C64A1}.Release|Any CPU.ActiveCfg = Release|Any CPU
		{BE067612-7348-4165-AE35-7305031C64A1}.Release|Any CPU.Build.0 = Release|Any CPU
		{BE067612-7348-4165-AE35-7305031C64A1}.Release|x86.ActiveCfg = Release|Any CPU
		{BE067612-7348-4165-AE35-7305031C64A1}.Release|x86.Build.0 = Release|Any CPU
		{1F9A23BC-84AA-4A7A-8631-5FBE14253C86}.Debug|Any CPU.ActiveCfg = Debug|Any CPU
		{1F9A23BC-84AA-4A7A-8631-5FBE14253C86}.Debug|Any CPU.Build.0 = Debug|Any CPU
		{1F9A23BC-84AA-4A7A-8631-5FBE14253C86}.Debug|x86.ActiveCfg = Debug|Any CPU
		{1F9A23BC-84AA-4A7A-8631-5FBE14253C86}.Debug|x86.Build.0 = Debug|Any CPU
		{1F9A23BC-84AA-4A7A-8631-5FBE14253C86}.Demo|Any CPU.ActiveCfg = Debug|Any CPU
		{1F9A23BC-84AA-4A7A-8631-5FBE14253C86}.Demo|Any CPU.Build.0 = Debug|Any CPU
		{1F9A23BC-84AA-4A7A-8631-5FBE14253C86}.Demo|x86.ActiveCfg = Debug|Any CPU
		{1F9A23BC-84AA-4A7A-8631-5FBE14253C86}.Demo|x86.Build.0 = Debug|Any CPU
		{1F9A23BC-84AA-4A7A-8631-5FBE14253C86}.Release|Any CPU.ActiveCfg = Release|Any CPU
		{1F9A23BC-84AA-4A7A-8631-5FBE14253C86}.Release|Any CPU.Build.0 = Release|Any CPU
		{1F9A23BC-84AA-4A7A-8631-5FBE14253C86}.Release|x86.ActiveCfg = Release|Any CPU
		{1F9A23BC-84AA-4A7A-8631-5FBE14253C86}.Release|x86.Build.0 = Release|Any CPU
	EndGlobalSection
	GlobalSection(SolutionProperties) = preSolution
		HideSolutionNode = FALSE
	EndGlobalSection
	GlobalSection(NestedProjects) = preSolution
		{07AEE3B3-E6A1-4A80-8EC8-3E9E8E1C6B2C} = {D9F7FD19-6468-4A04-B372-BC84867ECE58}
		{9001B632-59A9-43CC-A841-F6B6159B24DC} = {352294D1-1048-48C8-9A02-236A597A602B}
		{7CCA5676-2CB8-49A1-B91A-CE9CA4EFBD8A} = {352294D1-1048-48C8-9A02-236A597A602B}
		{8E5E3FDB-B069-4FFF-883F-30F409F6794E} = {A5E4C7C9-8238-45E3-ADDE-5C8BCFF6C764}
		{0C3385FA-76BB-4033-A58D-D18DFE82DC2D} = {A5E4C7C9-8238-45E3-ADDE-5C8BCFF6C764}
		{47140106-149E-4643-A824-82AB57392463} = {A5E4C7C9-8238-45E3-ADDE-5C8BCFF6C764}
		{6CDE9880-5AB1-4268-B5E5-6CE9172F5A48} = {A5E4C7C9-8238-45E3-ADDE-5C8BCFF6C764}
		{01B518F9-E9A1-4FE2-9337-A6667B5E5CCC} = {A5E4C7C9-8238-45E3-ADDE-5C8BCFF6C764}
		{D6AC14A1-F744-4384-86FA-5F05C569E573} = {A5E4C7C9-8238-45E3-ADDE-5C8BCFF6C764}
		{00448825-FC66-49E7-9DF9-7421751BC8BF} = {A5E4C7C9-8238-45E3-ADDE-5C8BCFF6C764}
		{45C6A0C9-18E6-41A4-B246-51EA80820945} = {1A636723-5713-4AA2-AAEC-DB0A2DA7787F}
		{B6B8A69E-3AA0-4D75-81BD-77AA1157D31A} = {1A636723-5713-4AA2-AAEC-DB0A2DA7787F}
		{F94C40D8-1833-4AFE-932D-E318949B4F65} = {D9F7FD19-6468-4A04-B372-BC84867ECE58}
		{D77B0A76-496E-4526-8320-6176AEB848ED} = {AB10B0D1-6D77-41CA-8BCD-E86192BC5D01}
		{5819AE8F-42D1-47E8-9BE9-0291DBD5A7A1} = {A5E4C7C9-8238-45E3-ADDE-5C8BCFF6C764}
		{BE067612-7348-4165-AE35-7305031C64A1} = {D9F7FD19-6468-4A04-B372-BC84867ECE58}
		{1F9A23BC-84AA-4A7A-8631-5FBE14253C86} = {A5E4C7C9-8238-45E3-ADDE-5C8BCFF6C764}
	EndGlobalSection
	GlobalSection(ExtensibilityGlobals) = postSolution
		SolutionGuid = {5668B32C-4F98-4A16-9AA6-0CC704FE715D}
	EndGlobalSection
EndGlobal
