Microsoft Visual Studio Solution File, Format Version 12.00
# Visual Studio Version 17
VisualStudioVersion = 17.5.2.0
MinimumVisualStudioVersion = 10.0.40219.1
Project("{FAE04EC0-301F-11D3-BF4B-00C04F79EFBC}") = "DealEngine.WebUI", "DealEngine.WebUI.csproj", "{CA4466BF-10EE-28A7-521F-AF3206050E76}"
EndProject
Global
	GlobalSection(SolutionConfigurationPlatforms) = preSolution
		Debug|Any CPU = Debug|Any CPU
		Release|Any CPU = Release|Any CPU
	EndGlobalSection
	GlobalSection(ProjectConfigurationPlatforms) = postSolution
		{CA4466BF-10EE-28A7-521F-AF3206050E76}.Debug|Any CPU.ActiveCfg = Debug|Any CPU
		{CA4466BF-10EE-28A7-521F-AF3206050E76}.Debug|Any CPU.Build.0 = Debug|Any CPU
		{CA4466BF-10EE-28A7-521F-AF3206050E76}.Release|Any CPU.ActiveCfg = Release|Any CPU
		{CA4466BF-10EE-28A7-521F-AF3206050E76}.Release|Any CPU.Build.0 = Release|Any CPU
	EndGlobalSection
	GlobalSection(SolutionProperties) = preSolution
		HideSolutionNode = FALSE
	EndGlobalSection
	GlobalSection(ExtensibilityGlobals) = postSolution
		SolutionGuid = {DAD6DC45-D462-4A2E-A7C6-FD5F9AD59193}
	EndGlobalSection
EndGlobal
